# This file is automatically @generated by Cargo.
# It is not intended for manual editing.
[[package]]
name = "anyhow"
version = "1.0.25"
source = "registry+https://github.com/rust-lang/crates.io-index"
checksum = "9267dff192e68f3399525901e709a48c1d3982c9c072fa32f2127a0cb0babf14"

[[package]]
name = "aoc2019"
version = "0.1.0"
dependencies = [
 "anyhow",
 "counter",
 "itertools",
 "ndarray",
 "num",
 "termion",
]

[[package]]
name = "autocfg"
version = "1.0.1"
source = "registry+https://github.com/rust-lang/crates.io-index"
checksum = "cdb031dd78e28731d87d56cc8ffef4a8f36ca26c38fe2de700543e627f8a464a"

[[package]]
name = "counter"
version = "0.5.2"
source = "registry+https://github.com/rust-lang/crates.io-index"
checksum = "698f7363cfc52779c375902ea6bc8b407f4b0b43be34e83cfdc8231a0e7545fe"
dependencies = [
 "num-traits",
]

[[package]]
name = "either"
version = "1.5.3"
source = "registry+https://github.com/rust-lang/crates.io-index"
checksum = "bb1f6b1ce1c140482ea30ddd3335fc0024ac7ee112895426e0a629a6c20adfe3"

[[package]]
name = "itertools"
version = "0.9.0"
source = "registry+https://github.com/rust-lang/crates.io-index"
checksum = "284f18f85651fe11e8a991b2adb42cb078325c996ed026d994719efcfca1d54b"
dependencies = [
 "either",
]

[[package]]
name = "libc"
version = "0.2.79"
source = "registry+https://github.com/rust-lang/crates.io-index"
checksum = "2448f6066e80e3bfc792e9c98bf705b4b0fc6e8ef5b43e5889aff0eaa9c58743"

[[package]]
name = "matrixmultiply"
version = "0.2.3"
source = "registry+https://github.com/rust-lang/crates.io-index"
checksum = "d4f7ec66360130972f34830bfad9ef05c6610a43938a467bcc9ab9369ab3478f"
dependencies = [
 "rawpointer",
]

[[package]]
name = "ndarray"
version = "0.13.1"
source = "registry+https://github.com/rust-lang/crates.io-index"
checksum = "ac06db03ec2f46ee0ecdca1a1c34a99c0d188a0d83439b84bf0cb4b386e4ab09"
dependencies = [
 "matrixmultiply",
 "num-complex 0.2.4",
 "num-integer",
 "num-traits",
 "rawpointer",
]

[[package]]
name = "num"
version = "0.3.0"
source = "registry+https://github.com/rust-lang/crates.io-index"
checksum = "ab3e176191bc4faad357e3122c4747aa098ac880e88b168f106386128736cf4a"
dependencies = [
 "num-complex 0.3.0",
 "num-integer",
 "num-iter",
 "num-rational",
 "num-traits",
]

[[package]]
name = "num-complex"
version = "0.2.4"
source = "registry+https://github.com/rust-lang/crates.io-index"
checksum = "b6b19411a9719e753aff12e5187b74d60d3dc449ec3f4dc21e3989c3f554bc95"
dependencies = [
 "autocfg",
 "num-traits",
]

[[package]]
name = "num-complex"
version = "0.3.0"
source = "registry+https://github.com/rust-lang/crates.io-index"
checksum = "b05ad05bd8977050b171b3f6b48175fea6e0565b7981059b486075e1026a9fb5"
dependencies = [
 "num-traits",
]

[[package]]
name = "num-integer"
version = "0.1.43"
source = "registry+https://github.com/rust-lang/crates.io-index"
checksum = "8d59457e662d541ba17869cf51cf177c0b5f0cbf476c66bdc90bf1edac4f875b"
dependencies = [
 "autocfg",
 "num-traits",
]

[[package]]
name = "num-iter"
version = "0.1.41"
source = "registry+https://github.com/rust-lang/crates.io-index"
checksum = "7a6e6b7c748f995c4c29c5f5ae0248536e04a5739927c74ec0fa564805094b9f"
dependencies = [
 "autocfg",
 "num-integer",
 "num-traits",
]

[[package]]
name = "num-rational"
version = "0.3.0"
source = "registry+https://github.com/rust-lang/crates.io-index"
checksum = "a5b4d7360f362cfb50dde8143501e6940b22f644be75a4cc90b2d81968908138"
dependencies = [
 "autocfg",
 "num-integer",
 "num-traits",
]

[[package]]
name = "num-traits"
version = "0.2.12"
source = "registry+https://github.com/rust-lang/crates.io-index"
checksum = "ac267bcc07f48ee5f8935ab0d24f316fb722d7a1292e2913f0cc196b29ffd611"
dependencies = [
 "autocfg",
]

[[package]]
name = "numtoa"
version = "0.1.0"
source = "registry+https://github.com/rust-lang/crates.io-index"
checksum = "b8f8bdf33df195859076e54ab11ee78a1b208382d3a26ec40d142ffc1ecc49ef"

[[package]]
name = "rawpointer"
version = "0.2.1"
source = "registry+https://github.com/rust-lang/crates.io-index"
checksum = "60a357793950651c4ed0f3f52338f53b2f809f32d83a07f72909fa13e4c6c1e3"

[[package]]
name = "redox_syscall"
version = "0.1.57"
source = "registry+https://github.com/rust-lang/crates.io-index"
checksum = "41cc0f7e4d5d4544e8861606a285bb08d3e70712ccc7d2b84d7c0ccfaf4b05ce"

[[package]]
name = "redox_termios"
version = "0.1.1"
source = "registry+https://github.com/rust-lang/crates.io-index"
checksum = "7e891cfe48e9100a70a3b6eb652fef28920c117d366339687bd5576160db0f76"
dependencies = [
 "redox_syscall",
]

[[package]]
name = "termion"
version = "1.5.5"
source = "registry+https://github.com/rust-lang/crates.io-index"
checksum = "c22cec9d8978d906be5ac94bceb5a010d885c626c4c8855721a4dbd20e3ac905"
dependencies = [
 "libc",
 "numtoa",
 "redox_syscall",
 "redox_termios",
]
